# THIS IS AN AUTOGENERATED FILE. DO NOT EDIT THIS FILE DIRECTLY.
# yarn lockfile v1


amdefine@>=0.0.4:
  version "1.0.1"
  resolved "https://registry.yarnpkg.com/amdefine/-/amdefine-1.0.1.tgz#4a5282ac164729e93619bcfd3ad151f817ce91f5"

commander@0.6.1:
  version "0.6.1"
  resolved "https://registry.yarnpkg.com/commander/-/commander-0.6.1.tgz#fa68a14f6a945d54dbbe50d8cdb3320e9e3b1a06"

commander@2.3.0:
  version "2.3.0"
  resolved "https://registry.yarnpkg.com/commander/-/commander-2.3.0.tgz#fd430e889832ec353b9acd1de217c11cb3eef873"

convert-source-map@~0.3.3:
  version "0.3.5"
  resolved "https://registry.yarnpkg.com/convert-source-map/-/convert-source-map-0.3.5.tgz#f1d802950af7dd2631a1febe0596550c86ab3190"

debug@2.0.0:
  version "2.0.0"
  resolved "https://registry.yarnpkg.com/debug/-/debug-2.0.0.tgz#89bd9df6732b51256bc6705342bba02ed12131ef"
  dependencies:
    ms "0.6.2"

diff@1.0.8:
  version "1.0.8"
  resolved "https://registry.yarnpkg.com/diff/-/diff-1.0.8.tgz#343276308ec991b7bc82267ed55bc1411f971666"

empower@~0.6.0:
  version "0.6.0"
  resolved "https://registry.yarnpkg.com/empower/-/empower-0.6.0.tgz#7a695496c35ea9990262ebc3eb75aa7bf1542f02"

escape-string-regexp@1.0.2:
  version "1.0.2"
  resolved "https://registry.yarnpkg.com/escape-string-regexp/-/escape-string-regexp-1.0.2.tgz#4dbc2fe674e71949caf3fb2695ce7f2dc1d9a8d1"

escodegen@~1.3.1:
  version "1.3.3"
  resolved "https://registry.yarnpkg.com/escodegen/-/escodegen-1.3.3.tgz#f024016f5a88e046fd12005055e939802e6c5f23"
  dependencies:
    esprima "~1.1.1"
    estraverse "~1.5.0"
    esutils "~1.0.0"
  optionalDependencies:
    source-map "~0.1.33"

espower-loader@~0.6.0:
  version "0.6.0"
  resolved "https://registry.yarnpkg.com/espower-loader/-/espower-loader-0.6.0.tgz#a1e029568fe29e6ba925b370ee812390736cdff0"
  dependencies:
    espower-source "~0.6.0"
    minimatch "~0.2.14"

espower-source@~0.6.0:
  version "0.6.1"
  resolved "https://registry.yarnpkg.com/espower-source/-/espower-source-0.6.1.tgz#613d3e828d5c02868ec44a1b7fca8a34562c4417"
  dependencies:
    convert-source-map "~0.3.3"
    escodegen "~1.3.1"
    espower "~0.6.0"
    esprima "~1.1.1"
    lodash.merge "~2.4.1"

espower@~0.6.0:
  version "0.6.0"
  resolved "https://registry.yarnpkg.com/espower/-/espower-0.6.0.tgz#c40b5f2d30c5776b3e87567e6be7f941c9faf0fa"
  dependencies:
    esprima "~1.1.1"
    estraverse "~1.5.0"

esprima@~1.1.1:
  version "1.1.1"
  resolved "https://registry.yarnpkg.com/esprima/-/esprima-1.1.1.tgz#5b6f1547f4d102e670e140c509be6771d6aeb549"

estraverse@~1.5.0:
  version "1.5.1"
  resolved "https://registry.yarnpkg.com/estraverse/-/estraverse-1.5.1.tgz#867a3e8e58a9f84618afb6c2ddbcd916b7cbaf71"

esutils@~1.0.0:
  version "1.0.0"
  resolved "https://registry.yarnpkg.com/esutils/-/esutils-1.0.0.tgz#8151d358e20c8acc7fb745e7472c0025fe496570"

glob@3.2.3:
  version "3.2.3"
  resolved "https://registry.yarnpkg.com/glob/-/glob-3.2.3.tgz#e313eeb249c7affaa5c475286b0e115b59839467"
  dependencies:
    graceful-fs "~2.0.0"
    inherits "2"
    minimatch "~0.2.11"

graceful-fs@~2.0.0:
  version "2.0.3"
  resolved "https://registry.yarnpkg.com/graceful-fs/-/graceful-fs-2.0.3.tgz#7cd2cdb228a4a3f36e95efa6cc142de7d1a136d0"

growl@1.8.1:
  version "1.8.1"
  resolved "https://registry.yarnpkg.com/growl/-/growl-1.8.1.tgz#4b2dec8d907e93db336624dcec0183502f8c9428"

inherits@2:
  version "2.0.3"
  resolved "https://registry.yarnpkg.com/inherits/-/inherits-2.0.3.tgz#633c2c83e3da42a502f52466022480f4208261de"

intelli-espower-loader@0.0.7:
  version "0.0.7"
  resolved "https://registry.yarnpkg.com/intelli-espower-loader/-/intelli-espower-loader-0.0.7.tgz#35ac087ee021a29a5b950aa999e91e471eaa21c2"
  dependencies:
    espower-loader "~0.6.0"

jade@0.26.3:
  version "0.26.3"
  resolved "https://registry.yarnpkg.com/jade/-/jade-0.26.3.tgz#8f10d7977d8d79f2f6ff862a81b0513ccb25686c"
  dependencies:
    commander "0.6.1"
    mkdirp "0.3.0"

lodash._arraypool@~2.4.1:
  version "2.4.1"
  resolved "https://registry.yarnpkg.com/lodash._arraypool/-/lodash._arraypool-2.4.1.tgz#e88eecb92e2bb84c9065612fd958a0719cd47f94"

lodash._basebind@~2.4.1:
  version "2.4.1"
  resolved "https://registry.yarnpkg.com/lodash._basebind/-/lodash._basebind-2.4.1.tgz#e940b9ebdd27c327e0a8dab1b55916c5341e9575"
  dependencies:
    lodash._basecreate "~2.4.1"
    lodash._setbinddata "~2.4.1"
    lodash._slice "~2.4.1"
    lodash.isobject "~2.4.1"

lodash._basecreate@~2.4.1:
  version "2.4.1"
  resolved "https://registry.yarnpkg.com/lodash._basecreate/-/lodash._basecreate-2.4.1.tgz#f8e6f5b578a9e34e541179b56b8eeebf4a287e08"
  dependencies:
    lodash._isnative "~2.4.1"
    lodash.isobject "~2.4.1"
    lodash.noop "~2.4.1"

lodash._basecreatecallback@~2.4.1:
  version "2.4.1"
  resolved "https://registry.yarnpkg.com/lodash._basecreatecallback/-/lodash._basecreatecallback-2.4.1.tgz#7d0b267649cb29e7a139d0103b7c11fae84e4851"
  dependencies:
    lodash._setbinddata "~2.4.1"
    lodash.bind "~2.4.1"
    lodash.identity "~2.4.1"
    lodash.support "~2.4.1"

lodash._basecreatewrapper@~2.4.1:
  version "2.4.1"
  resolved "https://registry.yarnpkg.com/lodash._basecreatewrapper/-/lodash._basecreatewrapper-2.4.1.tgz#4d31f2e7de7e134fbf2803762b8150b32519666f"
  dependencies:
    lodash._basecreate "~2.4.1"
    lodash._setbinddata "~2.4.1"
    lodash._slice "~2.4.1"
    lodash.isobject "~2.4.1"

lodash._basemerge@~2.4.1:
  version "2.4.1"
  resolved "https://registry.yarnpkg.com/lodash._basemerge/-/lodash._basemerge-2.4.1.tgz#07666bafbfc0b19aa9daf826d92bbe259bb2e913"
  dependencies:
    lodash.foreach "~2.4.1"
    lodash.forown "~2.4.1"
    lodash.isarray "~2.4.1"
    lodash.isplainobject "~2.4.1"

lodash._createwrapper@~2.4.1:
  version "2.4.1"
  resolved "https://registry.yarnpkg.com/lodash._createwrapper/-/lodash._createwrapper-2.4.1.tgz#51d6957973da4ed556e37290d8c1a18c53de1607"
  dependencies:
    lodash._basebind "~2.4.1"
    lodash._basecreatewrapper "~2.4.1"
    lodash._slice "~2.4.1"
    lodash.isfunction "~2.4.1"

lodash._getarray@~2.4.1:
  version "2.4.1"
  resolved "https://registry.yarnpkg.com/lodash._getarray/-/lodash._getarray-2.4.1.tgz#faf1f7f810fa985a251c2187404481094839e5ee"
  dependencies:
    lodash._arraypool "~2.4.1"

lodash._isnative@~2.4.1:
  version "2.4.1"
  resolved "https://registry.yarnpkg.com/lodash._isnative/-/lodash._isnative-2.4.1.tgz#3ea6404b784a7be836c7b57580e1cdf79b14832c"

lodash._maxpoolsize@~2.4.1:
  version "2.4.1"
  resolved "https://registry.yarnpkg.com/lodash._maxpoolsize/-/lodash._maxpoolsize-2.4.1.tgz#9d482f463b8e66afbe59c2c14edb117060172334"

lodash._objecttypes@~2.4.1:
  version "2.4.1"
  resolved "https://registry.yarnpkg.com/lodash._objecttypes/-/lodash._objecttypes-2.4.1.tgz#7c0b7f69d98a1f76529f890b0cdb1b4dfec11c11"

lodash._releasearray@~2.4.1:
  version "2.4.1"
  resolved "https://registry.yarnpkg.com/lodash._releasearray/-/lodash._releasearray-2.4.1.tgz#a6139630d76d1536b07ddc80962889b082f6a641"
  dependencies:
    lodash._arraypool "~2.4.1"
    lodash._maxpoolsize "~2.4.1"

lodash._setbinddata@~2.4.1:
  version "2.4.1"
  resolved "https://registry.yarnpkg.com/lodash._setbinddata/-/lodash._setbinddata-2.4.1.tgz#f7c200cd1b92ef236b399eecf73c648d17aa94d2"
  dependencies:
    lodash._isnative "~2.4.1"
    lodash.noop "~2.4.1"

lodash._shimisplainobject@~2.4.1:
  version "2.4.1"
  resolved "https://registry.yarnpkg.com/lodash._shimisplainobject/-/lodash._shimisplainobject-2.4.1.tgz#01ec93b2ee63e59f1aa83899ac6fa0905ac7596f"
  dependencies:
    lodash.forin "~2.4.1"
    lodash.isfunction "~2.4.1"

lodash._shimkeys@~2.4.1:
  version "2.4.1"
  resolved "https://registry.yarnpkg.com/lodash._shimkeys/-/lodash._shimkeys-2.4.1.tgz#6e9cc9666ff081f0b5a6c978b83e242e6949d203"
  dependencies:
    lodash._objecttypes "~2.4.1"

lodash._slice@~2.4.1:
  version "2.4.1"
  resolved "https://registry.yarnpkg.com/lodash._slice/-/lodash._slice-2.4.1.tgz#745cf41a53597b18f688898544405efa2b06d90f"

lodash.bind@~2.4.1:
  version "2.4.1"
  resolved "https://registry.yarnpkg.com/lodash.bind/-/lodash.bind-2.4.1.tgz#5d19fa005c8c4d236faf4742c7b7a1fcabe29267"
  dependencies:
    lodash._createwrapper "~2.4.1"
    lodash._slice "~2.4.1"

lodash.foreach@~2.4.1:
  version "2.4.1"
  resolved "https://registry.yarnpkg.com/lodash.foreach/-/lodash.foreach-2.4.1.tgz#fe3fc3a34c86c94cab6f9522560282741e016309"
  dependencies:
    lodash._basecreatecallback "~2.4.1"
    lodash.forown "~2.4.1"

lodash.forin@~2.4.1:
  version "2.4.1"
  resolved "https://registry.yarnpkg.com/lodash.forin/-/lodash.forin-2.4.1.tgz#8089eaed7d25b08672b7c66fd07ac55d062320eb"
  dependencies:
    lodash._basecreatecallback "~2.4.1"
    lodash._objecttypes "~2.4.1"

lodash.forown@~2.4.1:
  version "2.4.1"
  resolved "https://registry.yarnpkg.com/lodash.forown/-/lodash.forown-2.4.1.tgz#78b41eafe1405fa966459ea4193fd502d084524b"
  dependencies:
    lodash._basecreatecallback "~2.4.1"
    lodash._objecttypes "~2.4.1"
    lodash.keys "~2.4.1"

lodash.identity@~2.4.1:
  version "2.4.1"
  resolved "https://registry.yarnpkg.com/lodash.identity/-/lodash.identity-2.4.1.tgz#6694cffa65fef931f7c31ce86c74597cf560f4f1"

lodash.isarray@~2.4.1:
  version "2.4.1"
  resolved "https://registry.yarnpkg.com/lodash.isarray/-/lodash.isarray-2.4.1.tgz#b52a326c1f62f6d7da73a31d5401df6ef44f0fa1"
  dependencies:
    lodash._isnative "~2.4.1"

lodash.isfunction@~2.4.1:
  version "2.4.1"
  resolved "https://registry.yarnpkg.com/lodash.isfunction/-/lodash.isfunction-2.4.1.tgz#2cfd575c73e498ab57e319b77fa02adef13a94d1"

lodash.isobject@~2.4.1:
  version "2.4.1"
  resolved "https://registry.yarnpkg.com/lodash.isobject/-/lodash.isobject-2.4.1.tgz#5a2e47fe69953f1ee631a7eba1fe64d2d06558f5"
  dependencies:
    lodash._objecttypes "~2.4.1"

lodash.isplainobject@~2.4.1:
  version "2.4.1"
  resolved "https://registry.yarnpkg.com/lodash.isplainobject/-/lodash.isplainobject-2.4.1.tgz#ac7385e2ea9ac0321f30dc3b8032a6d2231a8011"
  dependencies:
    lodash._isnative "~2.4.1"
    lodash._shimisplainobject "~2.4.1"

lodash.keys@~2.4.1:
  version "2.4.1"
  resolved "https://registry.yarnpkg.com/lodash.keys/-/lodash.keys-2.4.1.tgz#48dea46df8ff7632b10d706b8acb26591e2b3727"
  dependencies:
    lodash._isnative "~2.4.1"
    lodash._shimkeys "~2.4.1"
    lodash.isobject "~2.4.1"

lodash.merge@~2.4.1:
  version "2.4.1"
  resolved "https://registry.yarnpkg.com/lodash.merge/-/lodash.merge-2.4.1.tgz#4c9fe843f6d79e1b0522181bcdea04308867d21e"
  dependencies:
    lodash._basecreatecallback "~2.4.1"
    lodash._basemerge "~2.4.1"
    lodash._getarray "~2.4.1"
    lodash._releasearray "~2.4.1"
    lodash._slice "~2.4.1"
    lodash.isobject "~2.4.1"

lodash.noop@~2.4.1:
  version "2.4.1"
  resolved "https://registry.yarnpkg.com/lodash.noop/-/lodash.noop-2.4.1.tgz#4fb54f816652e5ae10e8f72f717a388c7326538a"

lodash.support@~2.4.1:
  version "2.4.1"
  resolved "https://registry.yarnpkg.com/lodash.support/-/lodash.support-2.4.1.tgz#320e0b67031673c28d7a2bb5d9e0331a45240515"
  dependencies:
    lodash._isnative "~2.4.1"

lru-cache@2:
  version "2.7.3"
  resolved "https://registry.yarnpkg.com/lru-cache/-/lru-cache-2.7.3.tgz#6d4524e8b955f95d4f5b58851ce21dd72fb4e952"

minimatch@~0.2.11, minimatch@~0.2.14:
  version "0.2.14"
  resolved "https://registry.yarnpkg.com/minimatch/-/minimatch-0.2.14.tgz#c74e780574f63c6f9a090e90efbe6ef53a6a756a"
  dependencies:
    lru-cache "2"
    sigmund "~1.0.0"

minimist@0.0.8:
  version "0.0.8"
  resolved "https://registry.yarnpkg.com/minimist/-/minimist-0.0.8.tgz#857fcabfc3397d2625b8228262e86aa7a011b05d"

mkdirp@0.3.0:
  version "0.3.0"
  resolved "https://registry.yarnpkg.com/mkdirp/-/mkdirp-0.3.0.tgz#1bbf5ab1ba827af23575143490426455f481fe1e"

mkdirp@0.5.0:
  version "0.5.0"
  resolved "https://registry.yarnpkg.com/mkdirp/-/mkdirp-0.5.0.tgz#1d73076a6df986cd9344e15e71fcc05a4c9abf12"
  dependencies:
    minimist "0.0.8"

mocha@^1.18.2:
  version "1.21.5"
  resolved "https://registry.yarnpkg.com/mocha/-/mocha-1.21.5.tgz#7c58b09174df976e434a23b1e8d639873fc529e9"
  dependencies:
    commander "2.3.0"
    debug "2.0.0"
    diff "1.0.8"
    escape-string-regexp "1.0.2"
    glob "3.2.3"
    growl "1.8.1"
    jade "0.26.3"
    mkdirp "0.5.0"

ms@0.6.2:
  version "0.6.2"
  resolved "https://registry.yarnpkg.com/ms/-/ms-0.6.2.tgz#d89c2124c6fdc1353d65a8b77bf1aac4b193708c"

power-assert-formatter@~0.6.1:
  version "0.6.1"
  resolved "https://registry.yarnpkg.com/power-assert-formatter/-/power-assert-formatter-0.6.1.tgz#1b79e889b6c15c0d9b8efc7c0dbccd0230f804f5"
  dependencies:
    estraverse "~1.5.0"

power-assert@^0.6.1:
  version "0.6.1"
  resolved "https://registry.yarnpkg.com/power-assert/-/power-assert-0.6.1.tgz#f90eb7d43a3df5a8566a0f7df1f60fdab5b41d39"
  dependencies:
    empower "~0.6.0"
    power-assert-formatter "~0.6.1"

sigmund@~1.0.0:
  version "1.0.1"
  resolved "https://registry.yarnpkg.com/sigmund/-/sigmund-1.0.1.tgz#3ff21f198cad2175f9f3b781853fd94d0d19b590"

source-map@~0.1.33:
  version "0.1.43"
  resolved "https://registry.yarnpkg.com/source-map/-/source-map-0.1.43.tgz#c24bc146ca517c1471f5dacbe2571b2b7f9e3346"
  dependencies:
    amdefine ">=0.0.4"
